{
  "requires": true,
  "lockfileVersion": 1,
  "dependencies": {
    "remove-blank-lines": {
      "version": "1.4.1",
      "resolved": "https://registry.npmjs.org/remove-blank-lines/-/remove-blank-lines-1.4.1.tgz",
      "integrity": "sha512-NEs3uvzpaZscL9qFGIHMO7iFy45/nRQC0bBeIMys8UDJT5CX/OcgDeRpcmwXGcr9Ez+IYZka7w0xhA9pEs7Cag=="
    }
  }
}
